
Microsoft Visual Studio Solution File, Format Version 12.00
# Visual Studio Version 17
VisualStudioVersion = 17.9.34622.214
MinimumVisualStudioVersion = 10.0.40219.1
Project("{FAE04EC0-301F-11D3-BF4B-00C04F79EFBC}") = "GroceryStore", "GroceryStore\GroceryStore.csproj", "{BB88EE99-AE9A-43C1-9367-E4ACCADB0543}"
EndProject
Global
	GlobalSection(SolutionConfigurationPlatforms) = preSolution
		Debug|Any CPU = Debug|Any CPU
		Release|Any CPU = Release|Any CPU
	EndGlobalSection
	GlobalSection(ProjectConfigurationPlatforms) = postSolution
		{BB88EE99-AE9A-43C1-9367-E4ACCADB0543}.Debug|Any CPU.ActiveCfg = Debug|Any CPU
		{BB88EE99-AE9A-43C1-9367-E4ACCADB0543}.Debug|Any CPU.Build.0 = Debug|Any CPU
		{BB88EE99-AE9A-43C1-9367-E4ACCADB0543}.Release|Any CPU.ActiveCfg = Release|Any CPU
		{BB88EE99-AE9A-43C1-9367-E4ACCADB0543}.Release|Any CPU.Build.0 = Release|Any CPU
	EndGlobalSection
	GlobalSection(SolutionProperties) = preSolution
		HideSolutionNode = FALSE
	EndGlobalSection
	GlobalSection(ExtensibilityGlobals) = postSolution
		SolutionGuid = {18274E60-2898-4185-BD97-F5AC289B08DA}
	EndGlobalSection
EndGlobal
